// !$*UTF8*$!
{
	archiveVersion = 1;
	classes = {
	};
	objectVersion = 55;
	objects = {

/* Begin PBXBuildFile section */
		D07BF53527E3652500B7E4AD /* QRCodeGuideLineView.swift in Sources */ = {isa = PBXBuildFile; fileRef = D07BF53427E3652500B7E4AD /* QRCodeGuideLineView.swift */; };
		D0B82B8A27E3536000255649 /* QRCode_swiftUIApp.swift in Sources */ = {isa = PBXBuildFile; fileRef = D0B82B8927E3536000255649 /* QRCode_swiftUIApp.swift */; };
		D0B82B8C27E3536000255649 /* ContentView.swift in Sources */ = {isa = PBXBuildFile; fileRef = D0B82B8B27E3536000255649 /* ContentView.swift */; };
		D0B82B8E27E3536000255649 /* Assets.xcassets in Resources */ = {isa = PBXBuildFile; fileRef = D0B82B8D27E3536000255649 /* Assets.xcassets */; };
		D0B82B9127E3536000255649 /* Preview Assets.xcassets in Resources */ = {isa = PBXBuildFile; fileRef = D0B82B9027E3536000255649 /* Preview Assets.xcassets */; };
		D0B82B9F27E3566100255649 /* CodeScannerView.swift in Sources */ = {isa = PBXBuildFile; fileRef = D0B82B9E27E3566100255649 /* CodeScannerView.swift */; };
		D0B82BA127E356AA00255649 /* QRCodeScannerExampleView.swift in Sources */ = {isa = PBXBuildFile; fileRef = D0B82BA027E356AA00255649 /* QRCodeScannerExampleView.swift */; };
		D0B82BA327E35D0D00255649 /* MyWebView.swift in Sources */ = {isa = PBXBuildFile; fileRef = D0B82BA227E35D0D00255649 /* MyWebView.swift */; };
/* End PBXBuildFile section */

/* Begin PBXFileReference section */
		D07BF53427E3652500B7E4AD /* QRCodeGuideLineView.swift */ = {isa = PBXFileReference; lastKnownFileType = sourcecode.swift; path = QRCodeGuideLineView.swift; sourceTree = "<group>"; };
		D0B82B8627E3536000255649 /* QRCode_swiftUI.app */ = {isa = PBXFileReference; explicitFileType = wrapper.application; includeInIndex = 0; path = QRCode_swiftUI.app; sourceTree = BUILT_PRODUCTS_DIR; };
		D0B82B8927E3536000255649 /* QRCode_swiftUIApp.swift */ = {isa = PBXFileReference; lastKnownFileType = sourcecode.swift; path = QRCode_swiftUIApp.swift; sourceTree = "<group>"; };
		D0B82B8B27E3536000255649 /* ContentView.swift */ = {isa = PBXFileReference; lastKnownFileType = sourcecode.swift; path = ContentView.swift; sourceTree = "<group>"; };
		D0B82B8D27E3536000255649 /* Assets.xcassets */ = {isa = PBXFileReference; lastKnownFileType = folder.assetcatalog; path = Assets.xcassets; sourceTree = "<group>"; };
		D0B82B9027E3536000255649 /* Preview Assets.xcassets */ = {isa = PBXFileReference; lastKnownFileType = folder.assetcatalog; path = "Preview Assets.xcassets"; sourceTree = "<group>"; };
		D0B82B9E27E3566100255649 /* CodeScannerView.swift */ = {isa = PBXFileReference; lastKnownFileType = sourcecode.swift; path = CodeScannerView.swift; sourceTree = "<group>"; };
		D0B82BA027E356AA00255649 /* QRCodeScannerExampleView.swift */ = {isa = PBXFileReference; lastKnownFileType = sourcecode.swift; path = QRCodeScannerExampleView.swift; sourceTree = "<group>"; };
		D0B82BA227E35D0D00255649 /* MyWebView.swift */ = {isa = PBXFileReference; lastKnownFileType = sourcecode.swift; path = MyWebView.swift; sourceTree = "<group>"; };
		D0B82BA427E35D7700255649 /* QRCode-swiftUI-Info.plist */ = {isa = PBXFileReference; lastKnownFileType = text.plist; path = "QRCode-swiftUI-Info.plist"; sourceTree = SOURCE_ROOT; };
/* End PBXFileReference section */

/* Begin PBXFrameworksBuildPhase section */
		D0B82B8327E3535F00255649 /* Frameworks */ = {
			isa = PBXFrameworksBuildPhase;
			buildActionMask = 2147483647;
			files = (
			);
			runOnlyForDeploymentPostprocessing = 0;
		};
/* End PBXFrameworksBuildPhase section */

/* Begin PBXGroup section */
		D0B82B7D27E3535F00255649 = {
			isa = PBXGroup;
			children = (
				D0B82B8827E3536000255649 /* QRCode_swiftUI */,
				D0B82B8727E3536000255649 /* Products */,
			);
			sourceTree = "<group>";
		};
		D0B82B8727E3536000255649 /* Products */ = {
			isa = PBXGroup;
			children = (
				D0B82B8627E3536000255649 /* QRCode_swiftUI.app */,
			);
			name = Products;
			sourceTree = "<group>";
		};
		D0B82B8827E3536000255649 /* QRCode_swiftUI */ = {
			isa = PBXGroup;
			children = (
				D0B82BA427E35D7700255649 /* QRCode-swiftUI-Info.plist */,
				D0B82BA027E356AA00255649 /* QRCodeScannerExampleView.swift */,
				D0B82BA227E35D0D00255649 /* MyWebView.swift */,
				D0B82B8927E3536000255649 /* QRCode_swiftUIApp.swift */,
				D0B82B8B27E3536000255649 /* ContentView.swift */,
				D0B82B9927E353AE00255649 /* QRCodeScanner */,
				D0B82B8D27E3536000255649 /* Assets.xcassets */,
				D0B82B8F27E3536000255649 /* Preview Content */,
			);
			path = QRCode_swiftUI;
			sourceTree = "<group>";
		};
		D0B82B8F27E3536000255649 /* Preview Content */ = {
			isa = PBXGroup;
			children = (
				D0B82B9027E3536000255649 /* Preview Assets.xcassets */,
			);
			path = "Preview Content";
			sourceTree = "<group>";
		};
		D0B82B9927E353AE00255649 /* QRCodeScanner */ = {
			isa = PBXGroup;
			children = (
				D07BF53427E3652500B7E4AD /* QRCodeGuideLineView.swift */,
				D0B82B9E27E3566100255649 /* CodeScannerView.swift */,
			);
			path = QRCodeScanner;
			sourceTree = "<group>";
		};
/* End PBXGroup section */

/* Begin PBXNativeTarget section */
		D0B82B8527E3535F00255649 /* QRCode_swiftUI */ = {
			isa = PBXNativeTarget;
			buildConfigurationList = D0B82B9427E3536000255649 /* Build configuration list for PBXNativeTarget "QRCode_swiftUI" */;
			buildPhases = (
				D0B82B8227E3535F00255649 /* Sources */,
				D0B82B8327E3535F00255649 /* Frameworks */,
				D0B82B8427E3535F00255649 /* Resources */,
			);
			buildRules = (
			);
			dependencies = (
			);
			name = QRCode_swiftUI;
			productName = QRCode_swiftUI;
			productReference = D0B82B8627E3536000255649 /* QRCode_swiftUI.app */;
			productType = "com.apple.product-type.application";
		};
/* End PBXNativeTarget section */

/* Begin PBXProject section */
		D0B82B7E27E3535F00255649 /* Project object */ = {
			isa = PBXProject;
			attributes = {
				BuildIndependentTargetsInParallel = 1;
				LastSwiftUpdateCheck = 1320;
				LastUpgradeCheck = 1320;
				TargetAttributes = {
					D0B82B8527E3535F00255649 = {
						CreatedOnToolsVersion = 13.2.1;
					};
				};
			};
			buildConfigurationList = D0B82B8127E3535F00255649 /* Build configuration list for PBXProject "QRCode_swiftUI" */;
			compatibilityVersion = "Xcode 13.0";
			developmentRegion = en;
			hasScannedForEncodings = 0;
			knownRegions = (
				en,
				Base,
			);
			mainGroup = D0B82B7D27E3535F00255649;
			productRefGroup = D0B82B8727E3536000255649 /* Products */;
			projectDirPath = "";
			projectRoot = "";
			targets = (
				D0B82B8527E3535F00255649 /* QRCode_swiftUI */,
			);
		};
/* End PBXProject section */

/* Begin PBXResourcesBuildPhase section */
		D0B82B8427E3535F00255649 /* Resources */ = {
			isa = PBXResourcesBuildPhase;
			buildActionMask = 2147483647;
			files = (
				D0B82B9127E3536000255649 /* Preview Assets.xcassets in Resources */,
				D0B82B8E27E3536000255649 /* Assets.xcassets in Resources */,
			);
			runOnlyForDeploymentPostprocessing = 0;
		};
/* End PBXResourcesBuildPhase section */

/* Begin PBXSourcesBuildPhase section */
		D0B82B8227E3535F00255649 /* Sources */ = {
			isa = PBXSourcesBuildPhase;
			buildActionMask = 2147483647;
			files = (
				D0B82BA127E356AA00255649 /* QRCodeScannerExampleView.swift in Sources */,
				D0B82B8C27E3536000255649 /* ContentView.swift in Sources */,
				D0B82BA327E35D0D00255649 /* MyWebView.swift in Sources */,
				D07BF53527E3652500B7E4AD /* QRCodeGuideLineView.swift in Sources */,
				D0B82B9F27E3566100255649 /* CodeScannerView.swift in Sources */,
				D0B82B8A27E3536000255649 /* QRCode_swiftUIApp.swift in Sources */,
			);
			runOnlyForDeploymentPostprocessing = 0;
		};
/* End PBXSourcesBuildPhase section */

/* Begin XCBuildConfiguration section */
		D0B82B9227E3536000255649 /* Debug */ = {
			isa = XCBuildConfiguration;
			buildSettings = {
				ALWAYS_SEARCH_USER_PATHS = NO;
				CLANG_ANALYZER_NONNULL = YES;
				CLANG_ANALYZER_NUMBER_OBJECT_CONVERSION = YES_AGGRESSIVE;
				CLANG_CXX_LANGUAGE_STANDARD = "gnu++17";
				CLANG_CXX_LIBRARY = "libc++";
				CLANG_ENABLE_MODULES = YES;
				CLANG_ENABLE_OBJC_ARC = YES;
				CLANG_ENABLE_OBJC_WEAK = YES;
				CLANG_WARN_BLOCK_CAPTURE_AUTORELEASING = YES;
				CLANG_WARN_BOOL_CONVERSION = YES;
				CLANG_WARN_COMMA = YES;
				CLANG_WARN_CONSTANT_CONVERSION = YES;
				CLANG_WARN_DEPRECATED_OBJC_IMPLEMENTATIONS = YES;
				CLANG_WARN_DIRECT_OBJC_ISA_USAGE = YES_ERROR;
				CLANG_WARN_DOCUMENTATION_COMMENTS = YES;
				CLANG_WARN_EMPTY_BODY = YES;
				CLANG_WARN_ENUM_CONVERSION = YES;
				CLANG_WARN_INFINITE_RECURSION = YES;
				CLANG_WARN_INT_CONVERSION = YES;
				CLANG_WARN_NON_LITERAL_NULL_CONVERSION = YES;
				CLANG_WARN_OBJC_IMPLICIT_RETAIN_SELF = YES;
				CLANG_WARN_OBJC_LITERAL_CONVERSION = YES;
				CLANG_WARN_OBJC_ROOT_CLASS = YES_ERROR;
				CLANG_WARN_QUOTED_INCLUDE_IN_FRAMEWORK_HEADER = YES;
				CLANG_WARN_RANGE_LOOP_ANALYSIS = YES;
				CLANG_WARN_STRICT_PROTOTYPES = YES;
				CLANG_WARN_SUSPICIOUS_MOVE = YES;
				CLANG_WARN_UNGUARDED_AVAILABILITY = YES_AGGRESSIVE;
				CLANG_WARN_UNREACHABLE_CODE = YES;
				CLANG_WARN__DUPLICATE_METHOD_MATCH = YES;
				COPY_PHASE_STRIP = NO;
				DEBUG_INFORMATION_FORMAT = dwarf;
				ENABLE_STRICT_OBJC_MSGSEND = YES;
				ENABLE_TESTABILITY = YES;
				GCC_C_LANGUAGE_STANDARD = gnu11;
				GCC_DYNAMIC_NO_PIC = NO;
				GCC_NO_COMMON_BLOCKS = YES;
				GCC_OPTIMIZATION_LEVEL = 0;
				GCC_PREPROCESSOR_DEFINITIONS = (
					"DEBUG=1",
					"$(inherited)",
				);
				GCC_WARN_64_TO_32_BIT_CONVERSION = YES;
				GCC_WARN_ABOUT_RETURN_TYPE = YES_ERROR;
				GCC_WARN_UNDECLARED_SELECTOR = YES;
				GCC_WARN_UNINITIALIZED_AUTOS = YES_AGGRESSIVE;
				GCC_WARN_UNUSED_FUNCTION = YES;
				GCC_WARN_UNUSED_VARIABLE = YES;
				IPHONEOS_DEPLOYMENT_TARGET = 15.2;
				MTL_ENABLE_DEBUG_INFO = INCLUDE_SOURCE;
				MTL_FAST_MATH = YES;
				ONLY_ACTIVE_ARCH = YES;
				SDKROOT = iphoneos;
				SWIFT_ACTIVE_COMPILATION_CONDITIONS = DEBUG;
				SWIFT_OPTIMIZATION_LEVEL = "-Onone";
			};
			name = Debug;
		};
		D0B82B9327E3536000255649 /* Release */ = {
			isa = XCBuildConfiguration;
			buildSettings = {
				ALWAYS_SEARCH_USER_PATHS = NO;
				CLANG_ANALYZER_NONNULL = YES;
				CLANG_ANALYZER_NUMBER_OBJECT_CONVERSION = YES_AGGRESSIVE;
				CLANG_CXX_LANGUAGE_STANDARD = "gnu++17";
				CLANG_CXX_LIBRARY = "libc++";
				CLANG_ENABLE_MODULES = YES;
				CLANG_ENABLE_OBJC_ARC = YES;
				CLANG_ENABLE_OBJC_WEAK = YES;
				CLANG_WARN_BLOCK_CAPTURE_AUTORELEASING = YES;
				CLANG_WARN_BOOL_CONVERSION = YES;
				CLANG_WARN_COMMA = YES;
				CLANG_WARN_CONSTANT_CONVERSION = YES;
				CLANG_WARN_DEPRECATED_OBJC_IMPLEMENTATIONS = YES;
				CLANG_WARN_DIRECT_OBJC_ISA_USAGE = YES_ERROR;
				CLANG_WARN_DOCUMENTATION_COMMENTS = YES;
				CLANG_WARN_EMPTY_BODY = YES;
				CLANG_WARN_ENUM_CONVERSION = YES;
				CLANG_WARN_INFINITE_RECURSION = YES;
				CLANG_WARN_INT_CONVERSION = YES;
				CLANG_WARN_NON_LITERAL_NULL_CONVERSION = YES;
				CLANG_WARN_OBJC_IMPLICIT_RETAIN_SELF = YES;
				CLANG_WARN_OBJC_LITERAL_CONVERSION = YES;
				CLANG_WARN_OBJC_ROOT_CLASS = YES_ERROR;
				CLANG_WARN_QUOTED_INCLUDE_IN_FRAMEWORK_HEADER = YES;
				CLANG_WARN_RANGE_LOOP_ANALYSIS = YES;
				CLANG_WARN_STRICT_PROTOTYPES = YES;
				CLANG_WARN_SUSPICIOUS_MOVE = YES;
				CLANG_WARN_UNGUARDED_AVAILABILITY = YES_AGGRESSIVE;
				CLANG_WARN_UNREACHABLE_CODE = YES;
				CLANG_WARN__DUPLICATE_METHOD_MATCH = YES;
				COPY_PHASE_STRIP = NO;
				DEBUG_INFORMATION_FORMAT = "dwarf-with-dsym";
				ENABLE_NS_ASSERTIONS = NO;
				ENABLE_STRICT_OBJC_MSGSEND = YES;
				GCC_C_LANGUAGE_STANDARD = gnu11;
				GCC_NO_COMMON_BLOCKS = YES;
				GCC_WARN_64_TO_32_BIT_CONVERSION = YES;
				GCC_WARN_ABOUT_RETURN_TYPE = YES_ERROR;
				GCC_WARN_UNDECLARED_SELECTOR = YES;
				GCC_WARN_UNINITIALIZED_AUTOS = YES_AGGRESSIVE;
				GCC_WARN_UNUSED_FUNCTION = YES;
				GCC_WARN_UNUSED_VARIABLE = YES;
				IPHONEOS_DEPLOYMENT_TARGET = 15.2;
				MTL_ENABLE_DEBUG_INFO = NO;
				MTL_FAST_MATH = YES;
				SDKROOT = iphoneos;
				SWIFT_COMPILATION_MODE = wholemodule;
				SWIFT_OPTIMIZATION_LEVEL = "-O";
				VALIDATE_PRODUCT = YES;
			};
			name = Release;
		};
		D0B82B9527E3536000255649 /* Debug */ = {
			isa = XCBuildConfiguration;
			buildSettings = {
				ASSETCATALOG_COMPILER_APPICON_NAME = AppIcon;
				ASSETCATALOG_COMPILER_GLOBAL_ACCENT_COLOR_NAME = AccentColor;
				CODE_SIGN_STYLE = Automatic;
				CURRENT_PROJECT_VERSION = 1;
				DEVELOPMENT_ASSET_PATHS = "\"QRCode_swiftUI/Preview Content\"";
				DEVELOPMENT_TEAM = Y6V4RF5LX4;
				ENABLE_PREVIEWS = YES;
				GENERATE_INFOPLIST_FILE = YES;
				INFOPLIST_FILE = "QRCode-swiftUI-Info.plist";
				INFOPLIST_KEY_NSCameraUsageDescription = "QR코드를 확인하시려면 카메라 권한 설정이 필요합니다.";
				INFOPLIST_KEY_UIApplicationSceneManifest_Generation = YES;
				INFOPLIST_KEY_UIApplicationSupportsIndirectInputEvents = YES;
				INFOPLIST_KEY_UILaunchScreen_Generation = YES;
				INFOPLIST_KEY_UISupportedInterfaceOrientations_iPad = "UIInterfaceOrientationPortrait UIInterfaceOrientationPortraitUpsideDown UIInterfaceOrientationLandscapeLeft UIInterfaceOrientationLandscapeRight";
				INFOPLIST_KEY_UISupportedInterfaceOrientations_iPhone = "UIInterfaceOrientationPortrait UIInterfaceOrientationLandscapeLeft UIInterfaceOrientationLandscapeRight";
				IPHONEOS_DEPLOYMENT_TARGET = 15.2;
				LD_RUNPATH_SEARCH_PATHS = (
					"$(inherited)",
					"@executable_path/Frameworks",
				);
				MARKETING_VERSION = 1.0;
				PRODUCT_BUNDLE_IDENTIFIER = "com.alstjr.QRCode-swiftUI";
				PRODUCT_NAME = "$(TARGET_NAME)";
				SWIFT_EMIT_LOC_STRINGS = YES;
				SWIFT_VERSION = 5.0;
				TARGETED_DEVICE_FAMILY = "1,2";
			};
			name = Debug;
		};
		D0B82B9627E3536000255649 /* Release */ = {
			isa = XCBuildConfiguration;
			buildSettings = {
				ASSETCATALOG_COMPILER_APPICON_NAME = AppIcon;
				ASSETCATALOG_COMPILER_GLOBAL_ACCENT_COLOR_NAME = AccentColor;
				CODE_SIGN_STYLE = Automatic;
				CURRENT_PROJECT_VERSION = 1;
				DEVELOPMENT_ASSET_PATHS = "\"QRCode_swiftUI/Preview Content\"";
				DEVELOPMENT_TEAM = Y6V4RF5LX4;
				ENABLE_PREVIEWS = YES;
				GENERATE_INFOPLIST_FILE = YES;
				INFOPLIST_FILE = "QRCode-swiftUI-Info.plist";
				INFOPLIST_KEY_NSCameraUsageDescription = "QR코드를 확인하시려면 카메라 권한 설정이 필요합니다.";
				INFOPLIST_KEY_UIApplicationSceneManifest_Generation = YES;
				INFOPLIST_KEY_UIApplicationSupportsIndirectInputEvents = YES;
				INFOPLIST_KEY_UILaunchScreen_Generation = YES;
				INFOPLIST_KEY_UISupportedInterfaceOrientations_iPad = "UIInterfaceOrientationPortrait UIInterfaceOrientationPortraitUpsideDown UIInterfaceOrientationLandscapeLeft UIInterfaceOrientationLandscapeRight";
				INFOPLIST_KEY_UISupportedInterfaceOrientations_iPhone = "UIInterfaceOrientationPortrait UIInterfaceOrientationLandscapeLeft UIInterfaceOrientationLandscapeRight";
				IPHONEOS_DEPLOYMENT_TARGET = 15.2;
				LD_RUNPATH_SEARCH_PATHS = (
					"$(inherited)",
					"@executable_path/Frameworks",
				);
				MARKETING_VERSION = 1.0;
				PRODUCT_BUNDLE_IDENTIFIER = "com.alstjr.QRCode-swiftUI";
				PRODUCT_NAME = "$(TARGET_NAME)";
				SWIFT_EMIT_LOC_STRINGS = YES;
				SWIFT_VERSION = 5.0;
				TARGETED_DEVICE_FAMILY = "1,2";
			};
			name = Release;
		};
/* End XCBuildConfiguration section */

/* Begin XCConfigurationList section */
		D0B82B8127E3535F00255649 /* Build configuration list for PBXProject "QRCode_swiftUI" */ = {
			isa = XCConfigurationList;
			buildConfigurations = (
				D0B82B9227E3536000255649 /* Debug */,
				D0B82B9327E3536000255649 /* Release */,
			);
			defaultConfigurationIsVisible = 0;
			defaultConfigurationName = Release;
		};
		D0B82B9427E3536000255649 /* Build configuration list for PBXNativeTarget "QRCode_swiftUI" */ = {
			isa = XCConfigurationList;
			buildConfigurations = (
				D0B82B9527E3536000255649 /* Debug */,
				D0B82B9627E3536000255649 /* Release */,
			);
			defaultConfigurationIsVisible = 0;
			defaultConfigurationName = Release;
		};
/* End XCConfigurationList section */
	};
	rootObject = D0B82B7E27E3535F00255649 /* Project object */;
}
